
Microsoft Visual Studio Solution File, Format Version 12.00
# Visual Studio 15
Project("{FAE04EC0-301F-11D3-BF4B-00C04F79EFBC}") = "Lab02", "Lab02.csproj", "{AEB3F3D5-88AD-4C9F-9AA6-2537207D3370}"
EndProject
Global
	GlobalSection(SolutionConfigurationPlatforms) = preSolution
		Debug|anycpu = Debug|anycpu
		Release|anycpu = Release|anycpu
	EndGlobalSection
	GlobalSection(ProjectConfigurationPlatforms) = postSolution
		{AEB3F3D5-88AD-4C9F-9AA6-2537207D3370}.Debug|anycpu.ActiveCfg = Debug|anycpu
		{AEB3F3D5-88AD-4C9F-9AA6-2537207D3370}.Debug|anycpu.Build.0 = Debug|anycpu
		{AEB3F3D5-88AD-4C9F-9AA6-2537207D3370}.Release|anycpu.ActiveCfg = Release|anycpu
		{AEB3F3D5-88AD-4C9F-9AA6-2537207D3370}.Release|anycpu.Build.0 = Release|anycpu
	EndGlobalSection
EndGlobal
